
Microsoft Visual Studio Solution File, Format Version 12.00
# Visual Studio 15
VisualStudioVersion = 15.0.28307.168
MinimumVisualStudioVersion = 10.0.40219.1
Project("{FAE04EC0-301F-11D3-BF4B-00C04F79EFBC}") = "masglobal.interview.performance.web", "masglobal.interview.performance.web\masglobal.interview.performance.web.csproj", "{69263102-6B64-445B-9B0E-409CC0FF7A75}"
EndProject
Global
	GlobalSection(SolutionConfigurationPlatforms) = preSolution
		Debug|Any CPU = Debug|Any CPU
		Release|Any CPU = Release|Any CPU
	EndGlobalSection
	GlobalSection(ProjectConfigurationPlatforms) = postSolution
		{69263102-6B64-445B-9B0E-409CC0FF7A75}.Debug|Any CPU.ActiveCfg = Debug|Any CPU
		{69263102-6B64-445B-9B0E-409CC0FF7A75}.Debug|Any CPU.Build.0 = Debug|Any CPU
		{69263102-6B64-445B-9B0E-409CC0FF7A75}.Release|Any CPU.ActiveCfg = Release|Any CPU
		{69263102-6B64-445B-9B0E-409CC0FF7A75}.Release|Any CPU.Build.0 = Release|Any CPU
	EndGlobalSection
	GlobalSection(SolutionProperties) = preSolution
		HideSolutionNode = FALSE
	EndGlobalSection
	GlobalSection(ExtensibilityGlobals) = postSolution
		SolutionGuid = {598ABBD2-BF78-4C24-92BD-6FD4300F5564}
	EndGlobalSection
EndGlobal
